
Microsoft Visual Studio Solution File, Format Version 12.00
# Visual Studio Version 16
VisualStudioVersion = 16.0.31025.194
MinimumVisualStudioVersion = 10.0.40219.1
Project("{FAE04EC0-301F-11D3-BF4B-00C04F79EFBC}") = "class0610_2", "class0610_2\class0610_2.csproj", "{13E14239-C4CA-415D-8C06-696D791C93EE}"
EndProject
Global
	GlobalSection(SolutionConfigurationPlatforms) = preSolution
		Debug|Any CPU = Debug|Any CPU
		Release|Any CPU = Release|Any CPU
	EndGlobalSection
	GlobalSection(ProjectConfigurationPlatforms) = postSolution
		{13E14239-C4CA-415D-8C06-696D791C93EE}.Debug|Any CPU.ActiveCfg = Debug|Any CPU
		{13E14239-C4CA-415D-8C06-696D791C93EE}.Debug|Any CPU.Build.0 = Debug|Any CPU
		{13E14239-C4CA-415D-8C06-696D791C93EE}.Release|Any CPU.ActiveCfg = Release|Any CPU
		{13E14239-C4CA-415D-8C06-696D791C93EE}.Release|Any CPU.Build.0 = Release|Any CPU
	EndGlobalSection
	GlobalSection(SolutionProperties) = preSolution
		HideSolutionNode = FALSE
	EndGlobalSection
	GlobalSection(ExtensibilityGlobals) = postSolution
		SolutionGuid = {89E31622-564A-4B4B-8936-501D224D3C3B}
	EndGlobalSection
EndGlobal
